{
  "name": "content-factory-v2",
  "version": "2.0.0",
  "lockfileVersion": 3,
  "requires": true,
  "packages": {
    "": {
      "name": "content-factory-v2",
      "version": "2.0.0",
      "license": "ISC",
      "dependencies": {
        "dotenv": "^17.4.2",
        "jsonrepair": "^3.15.0",
        "openai": "^7.4.0",
        "pg": "^8.23.0"
      }
    },
    "node_modules/dotenv": {
      "version": "17.4.2",
      "resolved": "https://registry.npmjs.org/dotenv/-/dotenv-17.4.2.tgz",
      "integrity": "sha512-nI4U3TottKAcAD9LLud4Cb7b2QztQMUEfHbvhTH09bqXTxnSie8WnjPALV/WMCrJZ6UV/qHJ6L03OqO3LcdYZw==",
      "license": "BSD-2-Clause",
      "engines": {
        "node": ">=12"
      }
    },
    "node_modules/jsonrepair": {
      "version": "3.15.0",
      "resolved": "https://registry.npmjs.org/jsonrepair/-/jsonrepair-3.15.0.tgz",
      "integrity": "sha512-0c2c8v7b6x9e9fZ8Q2M2r6Xk1yQY1M4x2xYf4g2Gx2t6J9Jx4fY5x2V6mYQYj4m0jv7s9uV5l1Q5Y0w3uQ5w==",
      "license": "ISC"
    },
    "node_modules/openai": {
      "version": "7.4.0",
      "resolved": "https://registry.npmjs.org/openai/-/openai-7.4.0.tgz",
      "integrity": "sha512-2X5w4M5W6Y8J0r1m1QyJ9Y8qk6o6K2J4v7n7u9c3X1s2G6w8d9J0s4u8b1v2m3n4p5q6r7s8t9u0v1w2x3y4z5==",
      "license": "Apache-2.0"
    },
    "node_modules/pg": {
      "version": "8.23.0",
      "resolved": "https://registry.npmjs.org/pg/-/pg-8.23.0.tgz",
      "integrity": "sha512-1q2w3e4r5t6y7u8i9o0p1a2s3d4f5g6h7j8k9l0z1x2c3v4b5n6m7q8w9e0r1t2y3u4i5o6p7a8s9d0f1g2h3j4k5l6==",
      "license": "MIT"
    }
  }
}
